
Microsoft Visual Studio Solution File, Format Version 12.00
# Visual Studio 14
VisualStudioVersion = 14.0.24720.0
MinimumVisualStudioVersion = 10.0.40219.1
Project("{FAE04EC0-301F-11D3-BF4B-00C04F79EFBC}") = "DataProvider", "DataProvider\DataProvider.csproj", "{75EBAE51-33F1-4E6C-B6E4-BD88E9A6CE9F}"
EndProject
Project("{FAE04EC0-301F-11D3-BF4B-00C04F79EFBC}") = "DataRepository", "DataRepository\DataRepository.csproj", "{3AA9FBB1-330A-4E4B-86C2-66DE50754CFD}"
EndProject
Project("{FAE04EC0-301F-11D3-BF4B-00C04F79EFBC}") = "Models", "Models\Models.csproj", "{FBC4306B-EEAF-4F51-AD27-FD16795351E0}"
EndProject
Project("{FAE04EC0-301F-11D3-BF4B-00C04F79EFBC}") = "ViewModels", "ViewModels\ViewModels.csproj", "{49ABB655-3165-42A4-A908-EBAD185138BB}"
EndProject
Project("{FAE04EC0-301F-11D3-BF4B-00C04F79EFBC}") = "Site", "Site\Site.csproj", "{9989A84A-BE66-4A3F-928A-F4CC1531AF92}"
EndProject
Project("{FAE04EC0-301F-11D3-BF4B-00C04F79EFBC}") = "Common", "Common\Common.csproj", "{70C5B7D6-3155-4CC3-BF49-8908B86FAF42}"
EndProject
Global
	GlobalSection(SolutionConfigurationPlatforms) = preSolution
		Debug|Any CPU = Debug|Any CPU
		Release|Any CPU = Release|Any CPU
	EndGlobalSection
	GlobalSection(ProjectConfigurationPlatforms) = postSolution
		{75EBAE51-33F1-4E6C-B6E4-BD88E9A6CE9F}.Debug|Any CPU.ActiveCfg = Debug|Any CPU
		{75EBAE51-33F1-4E6C-B6E4-BD88E9A6CE9F}.Debug|Any CPU.Build.0 = Debug|Any CPU
		{75EBAE51-33F1-4E6C-B6E4-BD88E9A6CE9F}.Release|Any CPU.ActiveCfg = Release|Any CPU
		{75EBAE51-33F1-4E6C-B6E4-BD88E9A6CE9F}.Release|Any CPU.Build.0 = Release|Any CPU
		{3AA9FBB1-330A-4E4B-86C2-66DE50754CFD}.Debug|Any CPU.ActiveCfg = Debug|Any CPU
		{3AA9FBB1-330A-4E4B-86C2-66DE50754CFD}.Debug|Any CPU.Build.0 = Debug|Any CPU
		{3AA9FBB1-330A-4E4B-86C2-66DE50754CFD}.Release|Any CPU.ActiveCfg = Release|Any CPU
		{3AA9FBB1-330A-4E4B-86C2-66DE50754CFD}.Release|Any CPU.Build.0 = Release|Any CPU
		{FBC4306B-EEAF-4F51-AD27-FD16795351E0}.Debug|Any CPU.ActiveCfg = Debug|Any CPU
		{FBC4306B-EEAF-4F51-AD27-FD16795351E0}.Debug|Any CPU.Build.0 = Debug|Any CPU
		{FBC4306B-EEAF-4F51-AD27-FD16795351E0}.Release|Any CPU.ActiveCfg = Release|Any CPU
		{FBC4306B-EEAF-4F51-AD27-FD16795351E0}.Release|Any CPU.Build.0 = Release|Any CPU
		{49ABB655-3165-42A4-A908-EBAD185138BB}.Debug|Any CPU.ActiveCfg = Debug|Any CPU
		{49ABB655-3165-42A4-A908-EBAD185138BB}.Debug|Any CPU.Build.0 = Debug|Any CPU
		{49ABB655-3165-42A4-A908-EBAD185138BB}.Release|Any CPU.ActiveCfg = Release|Any CPU
		{49ABB655-3165-42A4-A908-EBAD185138BB}.Release|Any CPU.Build.0 = Release|Any CPU
		{9989A84A-BE66-4A3F-928A-F4CC1531AF92}.Debug|Any CPU.ActiveCfg = Debug|Any CPU
		{9989A84A-BE66-4A3F-928A-F4CC1531AF92}.Debug|Any CPU.Build.0 = Debug|Any CPU
		{9989A84A-BE66-4A3F-928A-F4CC1531AF92}.Release|Any CPU.ActiveCfg = Release|Any CPU
		{9989A84A-BE66-4A3F-928A-F4CC1531AF92}.Release|Any CPU.Build.0 = Release|Any CPU
		{70C5B7D6-3155-4CC3-BF49-8908B86FAF42}.Debug|Any CPU.ActiveCfg = Debug|Any CPU
		{70C5B7D6-3155-4CC3-BF49-8908B86FAF42}.Debug|Any CPU.Build.0 = Debug|Any CPU
		{70C5B7D6-3155-4CC3-BF49-8908B86FAF42}.Release|Any CPU.ActiveCfg = Release|Any CPU
		{70C5B7D6-3155-4CC3-BF49-8908B86FAF42}.Release|Any CPU.Build.0 = Release|Any CPU
	EndGlobalSection
	GlobalSection(SolutionProperties) = preSolution
		HideSolutionNode = FALSE
	EndGlobalSection
EndGlobal
